// !$*UTF8*$!
{
	archiveVersion = 1;
	classes = {
	};
	objectVersion = 55;
	objects = {

/* Begin PBXBuildFile section */
		6B18F2342880746C0061B3CF /* FirebaseManager.swift in Sources */ = {isa = PBXBuildFile; fileRef = 6B18F2332880746C0061B3CF /* FirebaseManager.swift */; };
		6B18F23728807EFA0061B3CF /* FirebaseAuth in Frameworks */ = {isa = PBXBuildFile; productRef = 6B18F23628807EFA0061B3CF /* FirebaseAuth */; };
		6B18F23928807EFA0061B3CF /* FirebaseFirestore in Frameworks */ = {isa = PBXBuildFile; productRef = 6B18F23828807EFA0061B3CF /* FirebaseFirestore */; };
		6B18F23B28807EFA0061B3CF /* FirebaseStorage in Frameworks */ = {isa = PBXBuildFile; productRef = 6B18F23A28807EFA0061B3CF /* FirebaseStorage */; };
		6B18F24128808F9C0061B3CF /* SDWebImageSwiftUI in Frameworks */ = {isa = PBXBuildFile; productRef = 6B18F24028808F9C0061B3CF /* SDWebImageSwiftUI */; };
		6B18F2442880B4500061B3CF /* ChatUser.swift in Sources */ = {isa = PBXBuildFile; fileRef = 6B18F2432880B4500061B3CF /* ChatUser.swift */; };
		6B18F2472880BD4B0061B3CF /* CreateNewMessageView.swift in Sources */ = {isa = PBXBuildFile; fileRef = 6B18F2462880BD4B0061B3CF /* CreateNewMessageView.swift */; };
		6B8B2191287F646D0044B6BA /* LetsChatAppApp.swift in Sources */ = {isa = PBXBuildFile; fileRef = 6B8B2190287F646D0044B6BA /* LetsChatAppApp.swift */; };
		6B8B2193287F646D0044B6BA /* LoginView.swift in Sources */ = {isa = PBXBuildFile; fileRef = 6B8B2192287F646D0044B6BA /* LoginView.swift */; };
		6B8B2195287F646D0044B6BA /* Assets.xcassets in Resources */ = {isa = PBXBuildFile; fileRef = 6B8B2194287F646D0044B6BA /* Assets.xcassets */; };
		6B8B2198287F646D0044B6BA /* Preview Assets.xcassets in Resources */ = {isa = PBXBuildFile; fileRef = 6B8B2197287F646D0044B6BA /* Preview Assets.xcassets */; };
		6B8B21A4287F78510044B6BA /* GoogleService-Info.plist in Resources */ = {isa = PBXBuildFile; fileRef = 6B8B21A3287F78510044B6BA /* GoogleService-Info.plist */; };
		6B8B21A6287F80520044B6BA /* ImagePicker.swift in Sources */ = {isa = PBXBuildFile; fileRef = 6B8B21A5287F80520044B6BA /* ImagePicker.swift */; };
		6B8B21B228805D700044B6BA /* MainMessageView.swift in Sources */ = {isa = PBXBuildFile; fileRef = 6B8B21B128805D700044B6BA /* MainMessageView.swift */; };
/* End PBXBuildFile section */

/* Begin PBXFileReference section */
		6B18F2332880746C0061B3CF /* FirebaseManager.swift */ = {isa = PBXFileReference; lastKnownFileType = sourcecode.swift; path = FirebaseManager.swift; sourceTree = "<group>"; };
		6B18F2432880B4500061B3CF /* ChatUser.swift */ = {isa = PBXFileReference; lastKnownFileType = sourcecode.swift; path = ChatUser.swift; sourceTree = "<group>"; };
		6B18F2462880BD4B0061B3CF /* CreateNewMessageView.swift */ = {isa = PBXFileReference; lastKnownFileType = sourcecode.swift; path = CreateNewMessageView.swift; sourceTree = "<group>"; };
		6B8B218D287F646D0044B6BA /* LetsChatApp.app */ = {isa = PBXFileReference; explicitFileType = wrapper.application; includeInIndex = 0; path = LetsChatApp.app; sourceTree = BUILT_PRODUCTS_DIR; };
		6B8B2190287F646D0044B6BA /* LetsChatAppApp.swift */ = {isa = PBXFileReference; lastKnownFileType = sourcecode.swift; path = LetsChatAppApp.swift; sourceTree = "<group>"; };
		6B8B2192287F646D0044B6BA /* LoginView.swift */ = {isa = PBXFileReference; lastKnownFileType = sourcecode.swift; path = LoginView.swift; sourceTree = "<group>"; };
		6B8B2194287F646D0044B6BA /* Assets.xcassets */ = {isa = PBXFileReference; lastKnownFileType = folder.assetcatalog; path = Assets.xcassets; sourceTree = "<group>"; };
		6B8B2197287F646D0044B6BA /* Preview Assets.xcassets */ = {isa = PBXFileReference; lastKnownFileType = folder.assetcatalog; path = "Preview Assets.xcassets"; sourceTree = "<group>"; };
		6B8B21A3287F78510044B6BA /* GoogleService-Info.plist */ = {isa = PBXFileReference; fileEncoding = 4; lastKnownFileType = text.plist.xml; path = "GoogleService-Info.plist"; sourceTree = "<group>"; };
		6B8B21A5287F80520044B6BA /* ImagePicker.swift */ = {isa = PBXFileReference; fileEncoding = 4; lastKnownFileType = sourcecode.swift; path = ImagePicker.swift; sourceTree = "<group>"; };
		6B8B21B128805D700044B6BA /* MainMessageView.swift */ = {isa = PBXFileReference; lastKnownFileType = sourcecode.swift; path = MainMessageView.swift; sourceTree = "<group>"; };
/* End PBXFileReference section */

/* Begin PBXFrameworksBuildPhase section */
		6B8B218A287F646D0044B6BA /* Frameworks */ = {
			isa = PBXFrameworksBuildPhase;
			buildActionMask = 2147483647;
			files = (
				6B18F24128808F9C0061B3CF /* SDWebImageSwiftUI in Frameworks */,
				6B18F23728807EFA0061B3CF /* FirebaseAuth in Frameworks */,
				6B18F23928807EFA0061B3CF /* FirebaseFirestore in Frameworks */,
				6B18F23B28807EFA0061B3CF /* FirebaseStorage in Frameworks */,
			);
			runOnlyForDeploymentPostprocessing = 0;
		};
/* End PBXFrameworksBuildPhase section */

/* Begin PBXGroup section */
		6B18F230288074380061B3CF /* Services */ = {
			isa = PBXGroup;
			children = (
				6B8B2190287F646D0044B6BA /* LetsChatAppApp.swift */,
				6B18F2332880746C0061B3CF /* FirebaseManager.swift */,
			);
			path = Services;
			sourceTree = "<group>";
		};
		6B18F2422880B41D0061B3CF /* Model */ = {
			isa = PBXGroup;
			children = (
				6B18F2432880B4500061B3CF /* ChatUser.swift */,
			);
			path = Model;
			sourceTree = "<group>";
		};
		6B8B2184287F646D0044B6BA = {
			isa = PBXGroup;
			children = (
				6B18F2422880B41D0061B3CF /* Model */,
				6B18F230288074380061B3CF /* Services */,
				6B8B21AF28805CF20044B6BA /* Views */,
				6B8B218F287F646D0044B6BA /* LetsChatApp */,
				6B8B218E287F646D0044B6BA /* Products */,
			);
			sourceTree = "<group>";
		};
		6B8B218E287F646D0044B6BA /* Products */ = {
			isa = PBXGroup;
			children = (
				6B8B218D287F646D0044B6BA /* LetsChatApp.app */,
			);
			name = Products;
			sourceTree = "<group>";
		};
		6B8B218F287F646D0044B6BA /* LetsChatApp */ = {
			isa = PBXGroup;
			children = (
				6B8B21B028805D250044B6BA /* Resources */,
				6B8B2196287F646D0044B6BA /* Preview Content */,
			);
			path = LetsChatApp;
			sourceTree = "<group>";
		};
		6B8B2196287F646D0044B6BA /* Preview Content */ = {
			isa = PBXGroup;
			children = (
				6B8B2197287F646D0044B6BA /* Preview Assets.xcassets */,
			);
			path = "Preview Content";
			sourceTree = "<group>";
		};
		6B8B21AF28805CF20044B6BA /* Views */ = {
			isa = PBXGroup;
			children = (
				6B8B2192287F646D0044B6BA /* LoginView.swift */,
				6B8B21B128805D700044B6BA /* MainMessageView.swift */,
				6B18F2462880BD4B0061B3CF /* CreateNewMessageView.swift */,
			);
			path = Views;
			sourceTree = "<group>";
		};
		6B8B21B028805D250044B6BA /* Resources */ = {
			isa = PBXGroup;
			children = (
				6B8B21A5287F80520044B6BA /* ImagePicker.swift */,
				6B8B21A3287F78510044B6BA /* GoogleService-Info.plist */,
				6B8B2194287F646D0044B6BA /* Assets.xcassets */,
			);
			path = Resources;
			sourceTree = "<group>";
		};
/* End PBXGroup section */

/* Begin PBXNativeTarget section */
		6B8B218C287F646D0044B6BA /* LetsChatApp */ = {
			isa = PBXNativeTarget;
			buildConfigurationList = 6B8B219B287F646D0044B6BA /* Build configuration list for PBXNativeTarget "LetsChatApp" */;
			buildPhases = (
				6B8B2189287F646D0044B6BA /* Sources */,
				6B8B218A287F646D0044B6BA /* Frameworks */,
				6B8B218B287F646D0044B6BA /* Resources */,
			);
			buildRules = (
			);
			dependencies = (
			);
			name = LetsChatApp;
			packageProductDependencies = (
				6B18F23628807EFA0061B3CF /* FirebaseAuth */,
				6B18F23828807EFA0061B3CF /* FirebaseFirestore */,
				6B18F23A28807EFA0061B3CF /* FirebaseStorage */,
				6B18F24028808F9C0061B3CF /* SDWebImageSwiftUI */,
			);
			productName = LetsChatApp;
			productReference = 6B8B218D287F646D0044B6BA /* LetsChatApp.app */;
			productType = "com.apple.product-type.application";
		};
/* End PBXNativeTarget section */

/* Begin PBXProject section */
		6B8B2185287F646D0044B6BA /* Project object */ = {
			isa = PBXProject;
			attributes = {
				BuildIndependentTargetsInParallel = 1;
				LastSwiftUpdateCheck = 1320;
				LastUpgradeCheck = 1320;
				TargetAttributes = {
					6B8B218C287F646D0044B6BA = {
						CreatedOnToolsVersion = 13.2.1;
					};
				};
			};
			buildConfigurationList = 6B8B2188287F646D0044B6BA /* Build configuration list for PBXProject "LetsChatApp" */;
			compatibilityVersion = "Xcode 13.0";
			developmentRegion = en;
			hasScannedForEncodings = 0;
			knownRegions = (
				en,
				Base,
			);
			mainGroup = 6B8B2184287F646D0044B6BA;
			packageReferences = (
				6B18F23528807EFA0061B3CF /* XCRemoteSwiftPackageReference "firebase-ios-sdk" */,
				6B18F23F28808F9C0061B3CF /* XCRemoteSwiftPackageReference "SDWebImageswiftUI" */,
			);
			productRefGroup = 6B8B218E287F646D0044B6BA /* Products */;
			projectDirPath = "";
			projectRoot = "";
			targets = (
				6B8B218C287F646D0044B6BA /* LetsChatApp */,
			);
		};
/* End PBXProject section */

/* Begin PBXResourcesBuildPhase section */
		6B8B218B287F646D0044B6BA /* Resources */ = {
			isa = PBXResourcesBuildPhase;
			buildActionMask = 2147483647;
			files = (
				6B8B2198287F646D0044B6BA /* Preview Assets.xcassets in Resources */,
				6B8B2195287F646D0044B6BA /* Assets.xcassets in Resources */,
				6B8B21A4287F78510044B6BA /* GoogleService-Info.plist in Resources */,
			);
			runOnlyForDeploymentPostprocessing = 0;
		};
/* End PBXResourcesBuildPhase section */

/* Begin PBXSourcesBuildPhase section */
		6B8B2189287F646D0044B6BA /* Sources */ = {
			isa = PBXSourcesBuildPhase;
			buildActionMask = 2147483647;
			files = (
				6B18F2442880B4500061B3CF /* ChatUser.swift in Sources */,
				6B8B21A6287F80520044B6BA /* ImagePicker.swift in Sources */,
				6B8B21B228805D700044B6BA /* MainMessageView.swift in Sources */,
				6B18F2342880746C0061B3CF /* FirebaseManager.swift in Sources */,
				6B18F2472880BD4B0061B3CF /* CreateNewMessageView.swift in Sources */,
				6B8B2193287F646D0044B6BA /* LoginView.swift in Sources */,
				6B8B2191287F646D0044B6BA /* LetsChatAppApp.swift in Sources */,
			);
			runOnlyForDeploymentPostprocessing = 0;
		};
/* End PBXSourcesBuildPhase section */

/* Begin XCBuildConfiguration section */
		6B8B2199287F646D0044B6BA /* Debug */ = {
			isa = XCBuildConfiguration;
			buildSettings = {
				ALWAYS_SEARCH_USER_PATHS = NO;
				CLANG_ANALYZER_NONNULL = YES;
				CLANG_ANALYZER_NUMBER_OBJECT_CONVERSION = YES_AGGRESSIVE;
				CLANG_CXX_LANGUAGE_STANDARD = "gnu++17";
				CLANG_CXX_LIBRARY = "libc++";
				CLANG_ENABLE_MODULES = YES;
				CLANG_ENABLE_OBJC_ARC = YES;
				CLANG_ENABLE_OBJC_WEAK = YES;
				CLANG_WARN_BLOCK_CAPTURE_AUTORELEASING = YES;
				CLANG_WARN_BOOL_CONVERSION = YES;
				CLANG_WARN_COMMA = YES;
				CLANG_WARN_CONSTANT_CONVERSION = YES;
				CLANG_WARN_DEPRECATED_OBJC_IMPLEMENTATIONS = YES;
				CLANG_WARN_DIRECT_OBJC_ISA_USAGE = YES_ERROR;
				CLANG_WARN_DOCUMENTATION_COMMENTS = YES;
				CLANG_WARN_EMPTY_BODY = YES;
				CLANG_WARN_ENUM_CONVERSION = YES;
				CLANG_WARN_INFINITE_RECURSION = YES;
				CLANG_WARN_INT_CONVERSION = YES;
				CLANG_WARN_NON_LITERAL_NULL_CONVERSION = YES;
				CLANG_WARN_OBJC_IMPLICIT_RETAIN_SELF = YES;
				CLANG_WARN_OBJC_LITERAL_CONVERSION = YES;
				CLANG_WARN_OBJC_ROOT_CLASS = YES_ERROR;
				CLANG_WARN_QUOTED_INCLUDE_IN_FRAMEWORK_HEADER = YES;
				CLANG_WARN_RANGE_LOOP_ANALYSIS = YES;
				CLANG_WARN_STRICT_PROTOTYPES = YES;
				CLANG_WARN_SUSPICIOUS_MOVE = YES;
				CLANG_WARN_UNGUARDED_AVAILABILITY = YES_AGGRESSIVE;
				CLANG_WARN_UNREACHABLE_CODE = YES;
				CLANG_WARN__DUPLICATE_METHOD_MATCH = YES;
				COPY_PHASE_STRIP = NO;
				DEBUG_INFORMATION_FORMAT = dwarf;
				ENABLE_STRICT_OBJC_MSGSEND = YES;
				ENABLE_TESTABILITY = YES;
				GCC_C_LANGUAGE_STANDARD = gnu11;
				GCC_DYNAMIC_NO_PIC = NO;
				GCC_NO_COMMON_BLOCKS = YES;
				GCC_OPTIMIZATION_LEVEL = 0;
				GCC_PREPROCESSOR_DEFINITIONS = (
					"DEBUG=1",
					"$(inherited)",
				);
				GCC_WARN_64_TO_32_BIT_CONVERSION = YES;
				GCC_WARN_ABOUT_RETURN_TYPE = YES_ERROR;
				GCC_WARN_UNDECLARED_SELECTOR = YES;
				GCC_WARN_UNINITIALIZED_AUTOS = YES_AGGRESSIVE;
				GCC_WARN_UNUSED_FUNCTION = YES;
				GCC_WARN_UNUSED_VARIABLE = YES;
				IPHONEOS_DEPLOYMENT_TARGET = 15.2;
				MTL_ENABLE_DEBUG_INFO = INCLUDE_SOURCE;
				MTL_FAST_MATH = YES;
				ONLY_ACTIVE_ARCH = YES;
				SDKROOT = iphoneos;
				SWIFT_ACTIVE_COMPILATION_CONDITIONS = DEBUG;
				SWIFT_OPTIMIZATION_LEVEL = "-Onone";
			};
			name = Debug;
		};
		6B8B219A287F646D0044B6BA /* Release */ = {
			isa = XCBuildConfiguration;
			buildSettings = {
				ALWAYS_SEARCH_USER_PATHS = NO;
				CLANG_ANALYZER_NONNULL = YES;
				CLANG_ANALYZER_NUMBER_OBJECT_CONVERSION = YES_AGGRESSIVE;
				CLANG_CXX_LANGUAGE_STANDARD = "gnu++17";
				CLANG_CXX_LIBRARY = "libc++";
				CLANG_ENABLE_MODULES = YES;
				CLANG_ENABLE_OBJC_ARC = YES;
				CLANG_ENABLE_OBJC_WEAK = YES;
				CLANG_WARN_BLOCK_CAPTURE_AUTORELEASING = YES;
				CLANG_WARN_BOOL_CONVERSION = YES;
				CLANG_WARN_COMMA = YES;
				CLANG_WARN_CONSTANT_CONVERSION = YES;
				CLANG_WARN_DEPRECATED_OBJC_IMPLEMENTATIONS = YES;
				CLANG_WARN_DIRECT_OBJC_ISA_USAGE = YES_ERROR;
				CLANG_WARN_DOCUMENTATION_COMMENTS = YES;
				CLANG_WARN_EMPTY_BODY = YES;
				CLANG_WARN_ENUM_CONVERSION = YES;
				CLANG_WARN_INFINITE_RECURSION = YES;
				CLANG_WARN_INT_CONVERSION = YES;
				CLANG_WARN_NON_LITERAL_NULL_CONVERSION = YES;
				CLANG_WARN_OBJC_IMPLICIT_RETAIN_SELF = YES;
				CLANG_WARN_OBJC_LITERAL_CONVERSION = YES;
				CLANG_WARN_OBJC_ROOT_CLASS = YES_ERROR;
				CLANG_WARN_QUOTED_INCLUDE_IN_FRAMEWORK_HEADER = YES;
				CLANG_WARN_RANGE_LOOP_ANALYSIS = YES;
				CLANG_WARN_STRICT_PROTOTYPES = YES;
				CLANG_WARN_SUSPICIOUS_MOVE = YES;
				CLANG_WARN_UNGUARDED_AVAILABILITY = YES_AGGRESSIVE;
				CLANG_WARN_UNREACHABLE_CODE = YES;
				CLANG_WARN__DUPLICATE_METHOD_MATCH = YES;
				COPY_PHASE_STRIP = NO;
				DEBUG_INFORMATION_FORMAT = "dwarf-with-dsym";
				ENABLE_NS_ASSERTIONS = NO;
				ENABLE_STRICT_OBJC_MSGSEND = YES;
				GCC_C_LANGUAGE_STANDARD = gnu11;
				GCC_NO_COMMON_BLOCKS = YES;
				GCC_WARN_64_TO_32_BIT_CONVERSION = YES;
				GCC_WARN_ABOUT_RETURN_TYPE = YES_ERROR;
				GCC_WARN_UNDECLARED_SELECTOR = YES;
				GCC_WARN_UNINITIALIZED_AUTOS = YES_AGGRESSIVE;
				GCC_WARN_UNUSED_FUNCTION = YES;
				GCC_WARN_UNUSED_VARIABLE = YES;
				IPHONEOS_DEPLOYMENT_TARGET = 15.2;
				MTL_ENABLE_DEBUG_INFO = NO;
				MTL_FAST_MATH = YES;
				SDKROOT = iphoneos;
				SWIFT_COMPILATION_MODE = wholemodule;
				SWIFT_OPTIMIZATION_LEVEL = "-O";
				VALIDATE_PRODUCT = YES;
			};
			name = Release;
		};
		6B8B219C287F646D0044B6BA /* Debug */ = {
			isa = XCBuildConfiguration;
			buildSettings = {
				ASSETCATALOG_COMPILER_APPICON_NAME = AppIcon;
				ASSETCATALOG_COMPILER_GLOBAL_ACCENT_COLOR_NAME = AccentColor;
				CODE_SIGN_STYLE = Automatic;
				CURRENT_PROJECT_VERSION = 1;
				DEVELOPMENT_ASSET_PATHS = "\"LetsChatApp/Preview Content\"";
				DEVELOPMENT_TEAM = 33T4V24A4D;
				ENABLE_PREVIEWS = YES;
				GENERATE_INFOPLIST_FILE = YES;
				INFOPLIST_KEY_UIApplicationSceneManifest_Generation = YES;
				INFOPLIST_KEY_UIApplicationSupportsIndirectInputEvents = YES;
				INFOPLIST_KEY_UILaunchScreen_Generation = YES;
				INFOPLIST_KEY_UISupportedInterfaceOrientations_iPad = "UIInterfaceOrientationPortrait UIInterfaceOrientationPortraitUpsideDown UIInterfaceOrientationLandscapeLeft UIInterfaceOrientationLandscapeRight";
				INFOPLIST_KEY_UISupportedInterfaceOrientations_iPhone = "UIInterfaceOrientationPortrait UIInterfaceOrientationLandscapeLeft UIInterfaceOrientationLandscapeRight";
				LD_RUNPATH_SEARCH_PATHS = (
					"$(inherited)",
					"@executable_path/Frameworks",
				);
				MARKETING_VERSION = 1.0;
				PRODUCT_BUNDLE_IDENTIFIER = "com.codewithluane.swift-demo.LetsChatApp";
				PRODUCT_NAME = "$(TARGET_NAME)";
				SWIFT_EMIT_LOC_STRINGS = YES;
				SWIFT_VERSION = 5.0;
				TARGETED_DEVICE_FAMILY = "1,2";
			};
			name = Debug;
		};
		6B8B219D287F646D0044B6BA /* Release */ = {
			isa = XCBuildConfiguration;
			buildSettings = {
				ASSETCATALOG_COMPILER_APPICON_NAME = AppIcon;
				ASSETCATALOG_COMPILER_GLOBAL_ACCENT_COLOR_NAME = AccentColor;
				CODE_SIGN_STYLE = Automatic;
				CURRENT_PROJECT_VERSION = 1;
				DEVELOPMENT_ASSET_PATHS = "\"LetsChatApp/Preview Content\"";
				DEVELOPMENT_TEAM = 33T4V24A4D;
				ENABLE_PREVIEWS = YES;
				GENERATE_INFOPLIST_FILE = YES;
				INFOPLIST_KEY_UIApplicationSceneManifest_Generation = YES;
				INFOPLIST_KEY_UIApplicationSupportsIndirectInputEvents = YES;
				INFOPLIST_KEY_UILaunchScreen_Generation = YES;
				INFOPLIST_KEY_UISupportedInterfaceOrientations_iPad = "UIInterfaceOrientationPortrait UIInterfaceOrientationPortraitUpsideDown UIInterfaceOrientationLandscapeLeft UIInterfaceOrientationLandscapeRight";
				INFOPLIST_KEY_UISupportedInterfaceOrientations_iPhone = "UIInterfaceOrientationPortrait UIInterfaceOrientationLandscapeLeft UIInterfaceOrientationLandscapeRight";
				LD_RUNPATH_SEARCH_PATHS = (
					"$(inherited)",
					"@executable_path/Frameworks",
				);
				MARKETING_VERSION = 1.0;
				PRODUCT_BUNDLE_IDENTIFIER = "com.codewithluane.swift-demo.LetsChatApp";
				PRODUCT_NAME = "$(TARGET_NAME)";
				SWIFT_EMIT_LOC_STRINGS = YES;
				SWIFT_VERSION = 5.0;
				TARGETED_DEVICE_FAMILY = "1,2";
			};
			name = Release;
		};
/* End XCBuildConfiguration section */

/* Begin XCConfigurationList section */
		6B8B2188287F646D0044B6BA /* Build configuration list for PBXProject "LetsChatApp" */ = {
			isa = XCConfigurationList;
			buildConfigurations = (
				6B8B2199287F646D0044B6BA /* Debug */,
				6B8B219A287F646D0044B6BA /* Release */,
			);
			defaultConfigurationIsVisible = 0;
			defaultConfigurationName = Release;
		};
		6B8B219B287F646D0044B6BA /* Build configuration list for PBXNativeTarget "LetsChatApp" */ = {
			isa = XCConfigurationList;
			buildConfigurations = (
				6B8B219C287F646D0044B6BA /* Debug */,
				6B8B219D287F646D0044B6BA /* Release */,
			);
			defaultConfigurationIsVisible = 0;
			defaultConfigurationName = Release;
		};
/* End XCConfigurationList section */

/* Begin XCRemoteSwiftPackageReference section */
		6B18F23528807EFA0061B3CF /* XCRemoteSwiftPackageReference "firebase-ios-sdk" */ = {
			isa = XCRemoteSwiftPackageReference;
			repositoryURL = "https://github.com/firebase/firebase-ios-sdk";
			requirement = {
				kind = upToNextMajorVersion;
				minimumVersion = 9.0.0;
			};
		};
		6B18F23F28808F9C0061B3CF /* XCRemoteSwiftPackageReference "SDWebImageswiftUI" */ = {
			isa = XCRemoteSwiftPackageReference;
			repositoryURL = "https://github.com/SDWebImage/SDWebImageswiftUI";
			requirement = {
				branch = master;
				kind = branch;
			};
		};
/* End XCRemoteSwiftPackageReference section */

/* Begin XCSwiftPackageProductDependency section */
		6B18F23628807EFA0061B3CF /* FirebaseAuth */ = {
			isa = XCSwiftPackageProductDependency;
			package = 6B18F23528807EFA0061B3CF /* XCRemoteSwiftPackageReference "firebase-ios-sdk" */;
			productName = FirebaseAuth;
		};
		6B18F23828807EFA0061B3CF /* FirebaseFirestore */ = {
			isa = XCSwiftPackageProductDependency;
			package = 6B18F23528807EFA0061B3CF /* XCRemoteSwiftPackageReference "firebase-ios-sdk" */;
			productName = FirebaseFirestore;
		};
		6B18F23A28807EFA0061B3CF /* FirebaseStorage */ = {
			isa = XCSwiftPackageProductDependency;
			package = 6B18F23528807EFA0061B3CF /* XCRemoteSwiftPackageReference "firebase-ios-sdk" */;
			productName = FirebaseStorage;
		};
		6B18F24028808F9C0061B3CF /* SDWebImageSwiftUI */ = {
			isa = XCSwiftPackageProductDependency;
			package = 6B18F23F28808F9C0061B3CF /* XCRemoteSwiftPackageReference "SDWebImageswiftUI" */;
			productName = SDWebImageSwiftUI;
		};
/* End XCSwiftPackageProductDependency section */
	};
	rootObject = 6B8B2185287F646D0044B6BA /* Project object */;
}
